// !$*UTF8*$!
{
	archiveVersion = 1;
	classes = {
	};
	objectVersion = 50;
	objects = {

/* Begin PBXBuildFile section */
		DD76E4792164B7870032EA3E /* AppDelegate.swift in Sources */ = {isa = PBXBuildFile; fileRef = DD76E4782164B7870032EA3E /* AppDelegate.swift */; };
		DD76E47B2164B7870032EA3E /* ViewController.swift in Sources */ = {isa = PBXBuildFile; fileRef = DD76E47A2164B7870032EA3E /* ViewController.swift */; };
		DD76E47E2164B7870032EA3E /* Main.storyboard in Resources */ = {isa = PBXBuildFile; fileRef = DD76E47C2164B7870032EA3E /* Main.storyboard */; };
		DD76E4802164B78B0032EA3E /* Assets.xcassets in Resources */ = {isa = PBXBuildFile; fileRef = DD76E47F2164B78B0032EA3E /* Assets.xcassets */; };
		DD76E4832164B78B0032EA3E /* LaunchScreen.storyboard in Resources */ = {isa = PBXBuildFile; fileRef = DD76E4812164B78B0032EA3E /* LaunchScreen.storyboard */; };
		DD76E48D2166FF780032EA3E /* I don't like peas.m4a in Resources */ = {isa = PBXBuildFile; fileRef = DD76E48C2166FF780032EA3E /* I don't like peas.m4a */; };
		DDEFF809216711A4009D0342 /* peaUISlider.swift in Sources */ = {isa = PBXBuildFile; fileRef = DDEFF808216711A4009D0342 /* peaUISlider.swift */; };
/* End PBXBuildFile section */

/* Begin PBXFileReference section */
		DD76E4752164B7870032EA3E /* EatYourPeas.app */ = {isa = PBXFileReference; explicitFileType = wrapper.application; includeInIndex = 0; path = EatYourPeas.app; sourceTree = BUILT_PRODUCTS_DIR; };
		DD76E4782164B7870032EA3E /* AppDelegate.swift */ = {isa = PBXFileReference; lastKnownFileType = sourcecode.swift; path = AppDelegate.swift; sourceTree = "<group>"; };
		DD76E47A2164B7870032EA3E /* ViewController.swift */ = {isa = PBXFileReference; lastKnownFileType = sourcecode.swift; path = ViewController.swift; sourceTree = "<group>"; };
		DD76E47D2164B7870032EA3E /* Base */ = {isa = PBXFileReference; lastKnownFileType = file.storyboard; name = Base; path = Base.lproj/Main.storyboard; sourceTree = "<group>"; };
		DD76E47F2164B78B0032EA3E /* Assets.xcassets */ = {isa = PBXFileReference; lastKnownFileType = folder.assetcatalog; path = Assets.xcassets; sourceTree = "<group>"; };
		DD76E4822164B78B0032EA3E /* Base */ = {isa = PBXFileReference; lastKnownFileType = file.storyboard; name = Base; path = Base.lproj/LaunchScreen.storyboard; sourceTree = "<group>"; };
		DD76E4842164B78B0032EA3E /* Info.plist */ = {isa = PBXFileReference; lastKnownFileType = text.plist.xml; path = Info.plist; sourceTree = "<group>"; };
		DD76E48C2166FF780032EA3E /* I don't like peas.m4a */ = {isa = PBXFileReference; lastKnownFileType = file; name = "I don't like peas.m4a"; path = "../../../Desktop/Peas/I don't like peas.m4a"; sourceTree = "<group>"; };
		DDEFF808216711A4009D0342 /* peaUISlider.swift */ = {isa = PBXFileReference; lastKnownFileType = sourcecode.swift; path = peaUISlider.swift; sourceTree = "<group>"; };
/* End PBXFileReference section */

/* Begin PBXFrameworksBuildPhase section */
		DD76E4722164B7870032EA3E /* Frameworks */ = {
			isa = PBXFrameworksBuildPhase;
			buildActionMask = 2147483647;
			files = (
			);
			runOnlyForDeploymentPostprocessing = 0;
		};
/* End PBXFrameworksBuildPhase section */

/* Begin PBXGroup section */
		DD76E46C2164B7870032EA3E = {
			isa = PBXGroup;
			children = (
				DD76E4772164B7870032EA3E /* EatYourPeas */,
				DD76E4762164B7870032EA3E /* Products */,
			);
			sourceTree = "<group>";
		};
		DD76E4762164B7870032EA3E /* Products */ = {
			isa = PBXGroup;
			children = (
				DD76E4752164B7870032EA3E /* EatYourPeas.app */,
			);
			name = Products;
			sourceTree = "<group>";
		};
		DD76E4772164B7870032EA3E /* EatYourPeas */ = {
			isa = PBXGroup;
			children = (
				DD76E48C2166FF780032EA3E /* I don't like peas.m4a */,
				DD76E4782164B7870032EA3E /* AppDelegate.swift */,
				DDEFF808216711A4009D0342 /* peaUISlider.swift */,
				DD76E47A2164B7870032EA3E /* ViewController.swift */,
				DD76E47C2164B7870032EA3E /* Main.storyboard */,
				DD76E47F2164B78B0032EA3E /* Assets.xcassets */,
				DD76E4812164B78B0032EA3E /* LaunchScreen.storyboard */,
				DD76E4842164B78B0032EA3E /* Info.plist */,
			);
			path = EatYourPeas;
			sourceTree = "<group>";
		};
/* End PBXGroup section */

/* Begin PBXNativeTarget section */
		DD76E4742164B7870032EA3E /* EatYourPeas */ = {
			isa = PBXNativeTarget;
			buildConfigurationList = DD76E4872164B78B0032EA3E /* Build configuration list for PBXNativeTarget "EatYourPeas" */;
			buildPhases = (
				DD76E4712164B7870032EA3E /* Sources */,
				DD76E4722164B7870032EA3E /* Frameworks */,
				DD76E4732164B7870032EA3E /* Resources */,
			);
			buildRules = (
			);
			dependencies = (
			);
			name = EatYourPeas;
			productName = EatYourPeas;
			productReference = DD76E4752164B7870032EA3E /* EatYourPeas.app */;
			productType = "com.apple.product-type.application";
		};
/* End PBXNativeTarget section */

/* Begin PBXProject section */
		DD76E46D2164B7870032EA3E /* Project object */ = {
			isa = PBXProject;
			attributes = {
				LastSwiftUpdateCheck = 1000;
				LastUpgradeCheck = 1000;
				ORGANIZATIONNAME = "Chang Sophia";
				TargetAttributes = {
					DD76E4742164B7870032EA3E = {
						CreatedOnToolsVersion = 10.0;
					};
				};
			};
			buildConfigurationList = DD76E4702164B7870032EA3E /* Build configuration list for PBXProject "EatYourPeas" */;
			compatibilityVersion = "Xcode 9.3";
			developmentRegion = en;
			hasScannedForEncodings = 0;
			knownRegions = (
				en,
				Base,
			);
			mainGroup = DD76E46C2164B7870032EA3E;
			productRefGroup = DD76E4762164B7870032EA3E /* Products */;
			projectDirPath = "";
			projectRoot = "";
			targets = (
				DD76E4742164B7870032EA3E /* EatYourPeas */,
			);
		};
/* End PBXProject section */

/* Begin PBXResourcesBuildPhase section */
		DD76E4732164B7870032EA3E /* Resources */ = {
			isa = PBXResourcesBuildPhase;
			buildActionMask = 2147483647;
			files = (
				DD76E48D2166FF780032EA3E /* I don't like peas.m4a in Resources */,
				DD76E4832164B78B0032EA3E /* LaunchScreen.storyboard in Resources */,
				DD76E4802164B78B0032EA3E /* Assets.xcassets in Resources */,
				DD76E47E2164B7870032EA3E /* Main.storyboard in Resources */,
			);
			runOnlyForDeploymentPostprocessing = 0;
		};
/* End PBXResourcesBuildPhase section */

/* Begin PBXSourcesBuildPhase section */
		DD76E4712164B7870032EA3E /* Sources */ = {
			isa = PBXSourcesBuildPhase;
			buildActionMask = 2147483647;
			files = (
				DD76E47B2164B7870032EA3E /* ViewController.swift in Sources */,
				DD76E4792164B7870032EA3E /* AppDelegate.swift in Sources */,
				DDEFF809216711A4009D0342 /* peaUISlider.swift in Sources */,
			);
			runOnlyForDeploymentPostprocessing = 0;
		};
/* End PBXSourcesBuildPhase section */

/* Begin PBXVariantGroup section */
		DD76E47C2164B7870032EA3E /* Main.storyboard */ = {
			isa = PBXVariantGroup;
			children = (
				DD76E47D2164B7870032EA3E /* Base */,
			);
			name = Main.storyboard;
			sourceTree = "<group>";
		};
		DD76E4812164B78B0032EA3E /* LaunchScreen.storyboard */ = {
			isa = PBXVariantGroup;
			children = (
				DD76E4822164B78B0032EA3E /* Base */,
			);
			name = LaunchScreen.storyboard;
			sourceTree = "<group>";
		};
/* End PBXVariantGroup section */

/* Begin XCBuildConfiguration section */
		DD76E4852164B78B0032EA3E /* Debug */ = {
			isa = XCBuildConfiguration;
			buildSettings = {
				ALWAYS_SEARCH_USER_PATHS = NO;
				CLANG_ANALYZER_NONNULL = YES;
				CLANG_ANALYZER_NUMBER_OBJECT_CONVERSION = YES_AGGRESSIVE;
				CLANG_CXX_LANGUAGE_STANDARD = "gnu++14";
				CLANG_CXX_LIBRARY = "libc++";
				CLANG_ENABLE_MODULES = YES;
				CLANG_ENABLE_OBJC_ARC = YES;
				CLANG_ENABLE_OBJC_WEAK = YES;
				CLANG_WARN_BLOCK_CAPTURE_AUTORELEASING = YES;
				CLANG_WARN_BOOL_CONVERSION = YES;
				CLANG_WARN_COMMA = YES;
				CLANG_WARN_CONSTANT_CONVERSION = YES;
				CLANG_WARN_DEPRECATED_OBJC_IMPLEMENTATIONS = YES;
				CLANG_WARN_DIRECT_OBJC_ISA_USAGE = YES_ERROR;
				CLANG_WARN_DOCUMENTATION_COMMENTS = YES;
				CLANG_WARN_EMPTY_BODY = YES;
				CLANG_WARN_ENUM_CONVERSION = YES;
				CLANG_WARN_INFINITE_RECURSION = YES;
				CLANG_WARN_INT_CONVERSION = YES;
				CLANG_WARN_NON_LITERAL_NULL_CONVERSION = YES;
				CLANG_WARN_OBJC_IMPLICIT_RETAIN_SELF = YES;
				CLANG_WARN_OBJC_LITERAL_CONVERSION = YES;
				CLANG_WARN_OBJC_ROOT_CLASS = YES_ERROR;
				CLANG_WARN_RANGE_LOOP_ANALYSIS = YES;
				CLANG_WARN_STRICT_PROTOTYPES = YES;
				CLANG_WARN_SUSPICIOUS_MOVE = YES;
				CLANG_WARN_UNGUARDED_AVAILABILITY = YES_AGGRESSIVE;
				CLANG_WARN_UNREACHABLE_CODE = YES;
				CLANG_WARN__DUPLICATE_METHOD_MATCH = YES;
				CODE_SIGN_IDENTITY = "iPhone Developer";
				COPY_PHASE_STRIP = NO;
				DEBUG_INFORMATION_FORMAT = dwarf;
				ENABLE_STRICT_OBJC_MSGSEND = YES;
				ENABLE_TESTABILITY = YES;
				GCC_C_LANGUAGE_STANDARD = gnu11;
				GCC_DYNAMIC_NO_PIC = NO;
				GCC_NO_COMMON_BLOCKS = YES;
				GCC_OPTIMIZATION_LEVEL = 0;
				GCC_PREPROCESSOR_DEFINITIONS = (
					"DEBUG=1",
					"$(inherited)",
				);
				GCC_WARN_64_TO_32_BIT_CONVERSION = YES;
				GCC_WARN_ABOUT_RETURN_TYPE = YES_ERROR;
				GCC_WARN_UNDECLARED_SELECTOR = YES;
				GCC_WARN_UNINITIALIZED_AUTOS = YES_AGGRESSIVE;
				GCC_WARN_UNUSED_FUNCTION = YES;
				GCC_WARN_UNUSED_VARIABLE = YES;
				IPHONEOS_DEPLOYMENT_TARGET = 12.0;
				MTL_ENABLE_DEBUG_INFO = INCLUDE_SOURCE;
				MTL_FAST_MATH = YES;
				ONLY_ACTIVE_ARCH = YES;
				SDKROOT = iphoneos;
				SWIFT_ACTIVE_COMPILATION_CONDITIONS = DEBUG;
				SWIFT_OPTIMIZATION_LEVEL = "-Onone";
			};
			name = Debug;
		};
		DD76E4862164B78B0032EA3E /* Release */ = {
			isa = XCBuildConfiguration;
			buildSettings = {
				ALWAYS_SEARCH_USER_PATHS = NO;
				CLANG_ANALYZER_NONNULL = YES;
				CLANG_ANALYZER_NUMBER_OBJECT_CONVERSION = YES_AGGRESSIVE;
				CLANG_CXX_LANGUAGE_STANDARD = "gnu++14";
				CLANG_CXX_LIBRARY = "libc++";
				CLANG_ENABLE_MODULES = YES;
				CLANG_ENABLE_OBJC_ARC = YES;
				CLANG_ENABLE_OBJC_WEAK = YES;
				CLANG_WARN_BLOCK_CAPTURE_AUTORELEASING = YES;
				CLANG_WARN_BOOL_CONVERSION = YES;
				CLANG_WARN_COMMA = YES;
				CLANG_WARN_CONSTANT_CONVERSION = YES;
				CLANG_WARN_DEPRECATED_OBJC_IMPLEMENTATIONS = YES;
				CLANG_WARN_DIRECT_OBJC_ISA_USAGE = YES_ERROR;
				CLANG_WARN_DOCUMENTATION_COMMENTS = YES;
				CLANG_WARN_EMPTY_BODY = YES;
				CLANG_WARN_ENUM_CONVERSION = YES;
				CLANG_WARN_INFINITE_RECURSION = YES;
				CLANG_WARN_INT_CONVERSION = YES;
				CLANG_WARN_NON_LITERAL_NULL_CONVERSION = YES;
				CLANG_WARN_OBJC_IMPLICIT_RETAIN_SELF = YES;
				CLANG_WARN_OBJC_LITERAL_CONVERSION = YES;
				CLANG_WARN_OBJC_ROOT_CLASS = YES_ERROR;
				CLANG_WARN_RANGE_LOOP_ANALYSIS = YES;
				CLANG_WARN_STRICT_PROTOTYPES = YES;
				CLANG_WARN_SUSPICIOUS_MOVE = YES;
				CLANG_WARN_UNGUARDED_AVAILABILITY = YES_AGGRESSIVE;
				CLANG_WARN_UNREACHABLE_CODE = YES;
				CLANG_WARN__DUPLICATE_METHOD_MATCH = YES;
				CODE_SIGN_IDENTITY = "iPhone Developer";
				COPY_PHASE_STRIP = NO;
				DEBUG_INFORMATION_FORMAT = "dwarf-with-dsym";
				ENABLE_NS_ASSERTIONS = NO;
				ENABLE_STRICT_OBJC_MSGSEND = YES;
				GCC_C_LANGUAGE_STANDARD = gnu11;
				GCC_NO_COMMON_BLOCKS = YES;
				GCC_WARN_64_TO_32_BIT_CONVERSION = YES;
				GCC_WARN_ABOUT_RETURN_TYPE = YES_ERROR;
				GCC_WARN_UNDECLARED_SELECTOR = YES;
				GCC_WARN_UNINITIALIZED_AUTOS = YES_AGGRESSIVE;
				GCC_WARN_UNUSED_FUNCTION = YES;
				GCC_WARN_UNUSED_VARIABLE = YES;
				IPHONEOS_DEPLOYMENT_TARGET = 12.0;
				MTL_ENABLE_DEBUG_INFO = NO;
				MTL_FAST_MATH = YES;
				SDKROOT = iphoneos;
				SWIFT_COMPILATION_MODE = wholemodule;
				SWIFT_OPTIMIZATION_LEVEL = "-O";
				VALIDATE_PRODUCT = YES;
			};
			name = Release;
		};
		DD76E4882164B78B0032EA3E /* Debug */ = {
			isa = XCBuildConfiguration;
			buildSettings = {
				ASSETCATALOG_COMPILER_APPICON_NAME = AppIcon;
				CODE_SIGN_STYLE = Automatic;
				DEVELOPMENT_TEAM = 3M66U64HQ4;
				INFOPLIST_FILE = EatYourPeas/Info.plist;
				LD_RUNPATH_SEARCH_PATHS = (
					"$(inherited)",
					"@executable_path/Frameworks",
				);
				PRODUCT_BUNDLE_IDENTIFIER = com.gmb728.EatYourPeas;
				PRODUCT_NAME = "$(TARGET_NAME)";
				SWIFT_VERSION = 4.2;
				TARGETED_DEVICE_FAMILY = "1,2";
			};
			name = Debug;
		};
		DD76E4892164B78B0032EA3E /* Release */ = {
			isa = XCBuildConfiguration;
			buildSettings = {
				ASSETCATALOG_COMPILER_APPICON_NAME = AppIcon;
				CODE_SIGN_STYLE = Automatic;
				DEVELOPMENT_TEAM = 3M66U64HQ4;
				INFOPLIST_FILE = EatYourPeas/Info.plist;
				LD_RUNPATH_SEARCH_PATHS = (
					"$(inherited)",
					"@executable_path/Frameworks",
				);
				PRODUCT_BUNDLE_IDENTIFIER = com.gmb728.EatYourPeas;
				PRODUCT_NAME = "$(TARGET_NAME)";
				SWIFT_VERSION = 4.2;
				TARGETED_DEVICE_FAMILY = "1,2";
			};
			name = Release;
		};
/* End XCBuildConfiguration section */

/* Begin XCConfigurationList section */
		DD76E4702164B7870032EA3E /* Build configuration list for PBXProject "EatYourPeas" */ = {
			isa = XCConfigurationList;
			buildConfigurations = (
				DD76E4852164B78B0032EA3E /* Debug */,
				DD76E4862164B78B0032EA3E /* Release */,
			);
			defaultConfigurationIsVisible = 0;
			defaultConfigurationName = Release;
		};
		DD76E4872164B78B0032EA3E /* Build configuration list for PBXNativeTarget "EatYourPeas" */ = {
			isa = XCConfigurationList;
			buildConfigurations = (
				DD76E4882164B78B0032EA3E /* Debug */,
				DD76E4892164B78B0032EA3E /* Release */,
			);
			defaultConfigurationIsVisible = 0;
			defaultConfigurationName = Release;
		};
/* End XCConfigurationList section */
	};
	rootObject = DD76E46D2164B7870032EA3E /* Project object */;
}
